
Microsoft Visual Studio Solution File, Format Version 12.00
# Visual Studio Version 16
VisualStudioVersion = 16.0.30413.136
MinimumVisualStudioVersion = 10.0.40219.1
Project("{FAE04EC0-301F-11D3-BF4B-00C04F79EFBC}") = "ContactsAPI", "ContactsAPI\ContactsAPI.csproj", "{DE9B4C2F-5F95-4B3D-9073-BBEB78E8495D}"
EndProject
Global
	GlobalSection(SolutionConfigurationPlatforms) = preSolution
		Debug|Any CPU = Debug|Any CPU
		Release|Any CPU = Release|Any CPU
	EndGlobalSection
	GlobalSection(ProjectConfigurationPlatforms) = postSolution
		{DE9B4C2F-5F95-4B3D-9073-BBEB78E8495D}.Debug|Any CPU.ActiveCfg = Debug|Any CPU
		{DE9B4C2F-5F95-4B3D-9073-BBEB78E8495D}.Debug|Any CPU.Build.0 = Debug|Any CPU
		{DE9B4C2F-5F95-4B3D-9073-BBEB78E8495D}.Release|Any CPU.ActiveCfg = Release|Any CPU
		{DE9B4C2F-5F95-4B3D-9073-BBEB78E8495D}.Release|Any CPU.Build.0 = Release|Any CPU
	EndGlobalSection
	GlobalSection(SolutionProperties) = preSolution
		HideSolutionNode = FALSE
	EndGlobalSection
	GlobalSection(ExtensibilityGlobals) = postSolution
		SolutionGuid = {CAC4341F-C16A-4C98-BCE0-BAFFE01C6ABF}
	EndGlobalSection
EndGlobal
